<?xml version="1.0" encoding="utf-8"?>
<Project ToolsVersion="4.0" xmlns="http://schemas.microsoft.com/developer/msbuild/2003">
  <ItemGroup>
    <Filter Include="源文件">
      <UniqueIdentifier>{4FC737F1-C7A5-4376-A066-2A32D752A2FF}</UniqueIdentifier>
      <Extensions>cpp;c;cc;cxx;c++;cppm;ixx;def;odl;idl;hpj;bat;asm;asmx</Extensions>
    </Filter>
    <Filter Include="头文件">
      <UniqueIdentifier>{93995380-89BD-4b04-88EB-625FBE52EBFB}</UniqueIdentifier>
      <Extensions>h;hh;hpp;hxx;h++;hm;inl;inc;ipp;xsd</Extensions>
    </Filter>
    <Filter Include="资源文件">
      <UniqueIdentifier>{67DA6AB6-F800-4c08-8B7A-83BB121AAD01}</UniqueIdentifier>
      <Extensions>rc;ico;cur;bmp;dlg;rc2;rct;bin;rgs;gif;jpg;jpeg;jpe;resx;tiff;tif;png;wav;mfcribbon-ms</Extensions>
    </Filter>
    <Filter Include="minihook">
      <UniqueIdentifier>{69cdc9e6-4025-4b4a-ade0-89cf6b347a33}</UniqueIdentifier>
    </Filter>
    <Filter Include="hde">
      <UniqueIdentifier>{73927894-e2d0-4e46-8b75-8812732453e1}</UniqueIdentifier>
    </Filter>
  </ItemGroup>
  <ItemGroup>
    <ClCompile Include="main.cpp">
      <Filter>源文件</Filter>
    </ClCompile>
    <ClCompile Include="..\minihook\buffer.c">
      <Filter>minihook</Filter>
    </ClCompile>
    <ClCompile Include="..\minihook\hook.c">
      <Filter>minihook</Filter>
    </ClCompile>
    <ClCompile Include="..\minihook\trampoline.c">
      <Filter>minihook</Filter>
    </ClCompile>
    <ClCompile Include="..\hde\hde32.c">
      <Filter>hde</Filter>
    </ClCompile>
    <ClCompile Include="..\hde\hde64.c">
      <Filter>hde</Filter>
    </ClCompile>
    <ClCompile Include="..\my.cpp">
      <Filter>源文件</Filter>
    </ClCompile>
    <ClCompile Include="..\resources.cpp">
      <Filter>源文件</Filter>
    </ClCompile>
  </ItemGroup>
  <ItemGroup>
    <ClInclude Include="..\minihook\buffer.h">
      <Filter>minihook</Filter>
    </ClInclude>
    <ClInclude Include="..\minihook\MinHook.h">
      <Filter>minihook</Filter>
    </ClInclude>
    <ClInclude Include="..\minihook\trampoline.h">
      <Filter>minihook</Filter>
    </ClInclude>
    <ClInclude Include="..\hde\hde32.h">
      <Filter>hde</Filter>
    </ClInclude>
    <ClInclude Include="..\hde\hde64.h">
      <Filter>hde</Filter>
    </ClInclude>
    <ClInclude Include="..\hde\pstdint.h">
      <Filter>hde</Filter>
    </ClInclude>
    <ClInclude Include="..\hde\table32.h">
      <Filter>hde</Filter>
    </ClInclude>
    <ClInclude Include="..\hde\table64.h">
      <Filter>hde</Filter>
    </ClInclude>
    <ClInclude Include="hook.h">
      <Filter>头文件</Filter>
    </ClInclude>
  </ItemGroup>
</Project>